
Microsoft Visual Studio Solution File, Format Version 12.00
# Visual Studio 2012
Project("{FAE04EC0-301F-11D3-BF4B-00C04F79EFBC}") = "Schwefel Function", "Schwefel Function.csproj", "{FB92F165-293C-4EF6-AF65-C1D7C0D34ED8}"
EndProject
Global
	GlobalSection(SolutionConfigurationPlatforms) = preSolution
		Debug|Any CPU = Debug|Any CPU
		Release|Any CPU = Release|Any CPU
	EndGlobalSection
	GlobalSection(ProjectConfigurationPlatforms) = postSolution
		{FB92F165-293C-4EF6-AF65-C1D7C0D34ED8}.Debug|Any CPU.ActiveCfg = Debug|Any CPU
		{FB92F165-293C-4EF6-AF65-C1D7C0D34ED8}.Debug|Any CPU.Build.0 = Debug|Any CPU
		{FB92F165-293C-4EF6-AF65-C1D7C0D34ED8}.Release|Any CPU.ActiveCfg = Release|Any CPU
		{FB92F165-293C-4EF6-AF65-C1D7C0D34ED8}.Release|Any CPU.Build.0 = Release|Any CPU
	EndGlobalSection
	GlobalSection(SolutionProperties) = preSolution
		HideSolutionNode = FALSE
	EndGlobalSection
EndGlobal
